
Microsoft Visual Studio Solution File, Format Version 12.00
# Visual Studio Version 16
VisualStudioVersion = 16.0.32802.440
MinimumVisualStudioVersion = 10.0.40219.1
Project("{FAE04EC0-301F-11D3-BF4B-00C04F79EFBC}") = "duokai", "duokai\duokai.csproj", "{8A52B192-7A9A-4287-81BA-9485400FF306}"
EndProject
Project("{FAE04EC0-301F-11D3-BF4B-00C04F79EFBC}") = "installer", "installer\installer.csproj", "{6D83A6D8-B42C-4F66-B063-F6D42779855A}"
EndProject
Project("{FAE04EC0-301F-11D3-BF4B-00C04F79EFBC}") = "WechatDuokai.Tests", "tests\WechatDuokai.Tests.csproj", "{D123D85E-D024-4393-9625-B4AF4348C82B}"
EndProject
Project("{FAE04EC0-301F-11D3-BF4B-00C04F79EFBC}") = "WechatDuokai.Core", "core\WechatDuokai.Core.csproj", "{F7D31D2D-1A90-4A92-96F2-0ECA8C2E2AF1}"
EndProject
Global
	GlobalSection(SolutionConfigurationPlatforms) = preSolution
		Debug|Any CPU = Debug|Any CPU
		Release|Any CPU = Release|Any CPU
	EndGlobalSection
	GlobalSection(ProjectConfigurationPlatforms) = postSolution
		{8A52B192-7A9A-4287-81BA-9485400FF306}.Debug|Any CPU.ActiveCfg = Debug|Any CPU
		{8A52B192-7A9A-4287-81BA-9485400FF306}.Debug|Any CPU.Build.0 = Debug|Any CPU
		{8A52B192-7A9A-4287-81BA-9485400FF306}.Release|Any CPU.ActiveCfg = Release|Any CPU
		{8A52B192-7A9A-4287-81BA-9485400FF306}.Release|Any CPU.Build.0 = Release|Any CPU
		{6D83A6D8-B42C-4F66-B063-F6D42779855A}.Debug|Any CPU.ActiveCfg = Debug|Any CPU
		{6D83A6D8-B42C-4F66-B063-F6D42779855A}.Debug|Any CPU.Build.0 = Debug|Any CPU
		{6D83A6D8-B42C-4F66-B063-F6D42779855A}.Release|Any CPU.ActiveCfg = Release|Any CPU
		{6D83A6D8-B42C-4F66-B063-F6D42779855A}.Release|Any CPU.Build.0 = Release|Any CPU
		{D123D85E-D024-4393-9625-B4AF4348C82B}.Debug|Any CPU.ActiveCfg = Debug|Any CPU
		{D123D85E-D024-4393-9625-B4AF4348C82B}.Debug|Any CPU.Build.0 = Debug|Any CPU
		{D123D85E-D024-4393-9625-B4AF4348C82B}.Release|Any CPU.ActiveCfg = Release|Any CPU
		{D123D85E-D024-4393-9625-B4AF4348C82B}.Release|Any CPU.Build.0 = Release|Any CPU
		{F7D31D2D-1A90-4A92-96F2-0ECA8C2E2AF1}.Debug|Any CPU.ActiveCfg = Debug|Any CPU
		{F7D31D2D-1A90-4A92-96F2-0ECA8C2E2AF1}.Debug|Any CPU.Build.0 = Debug|Any CPU
		{F7D31D2D-1A90-4A92-96F2-0ECA8C2E2AF1}.Release|Any CPU.ActiveCfg = Release|Any CPU
		{F7D31D2D-1A90-4A92-96F2-0ECA8C2E2AF1}.Release|Any CPU.Build.0 = Release|Any CPU
	EndGlobalSection
	GlobalSection(SolutionProperties) = preSolution
		HideSolutionNode = FALSE
	EndGlobalSection
	GlobalSection(ExtensibilityGlobals) = postSolution
		SolutionGuid = {BB2D5035-0F7B-4378-9EDD-4ACED4535635}
	EndGlobalSection
EndGlobal
